
Microsoft Visual Studio Solution File, Format Version 12.00
# Visual Studio 15
VisualStudioVersion = 15.0.28010.2046
MinimumVisualStudioVersion = 10.0.40219.1
Project("{FAE04EC0-301F-11D3-BF4B-00C04F79EFBC}") = "XF.MVVMBasic_Atv2.Android", "XF.MVVMBasic_Atv2\XF.MVVMBasic_Atv2.Android\XF.MVVMBasic_Atv2.Android.csproj", "{F94860FF-A955-46F6-9491-6875AAC775E3}"
EndProject
Project("{FAE04EC0-301F-11D3-BF4B-00C04F79EFBC}") = "XF.MVVMBasic_Atv2.iOS", "XF.MVVMBasic_Atv2\XF.MVVMBasic_Atv2.iOS\XF.MVVMBasic_Atv2.iOS.csproj", "{CBDBFD55-2DB6-44D2-9023-0AE4B0EAEB73}"
EndProject
Project("{FAE04EC0-301F-11D3-BF4B-00C04F79EFBC}") = "XF.MVVMBasic_Atv2", "XF.MVVMBasic_Atv2\XF.MVVMBasic_Atv2\XF.MVVMBasic_Atv2.csproj", "{D114C6AE-A5A4-4AB2-92FB-81E24A7472EB}"
EndProject
Global
	GlobalSection(SolutionConfigurationPlatforms) = preSolution
		Ad-Hoc|Any CPU = Ad-Hoc|Any CPU
		Ad-Hoc|iPhone = Ad-Hoc|iPhone
		Ad-Hoc|iPhoneSimulator = Ad-Hoc|iPhoneSimulator
		AppStore|Any CPU = AppStore|Any CPU
		AppStore|iPhone = AppStore|iPhone
		AppStore|iPhoneSimulator = AppStore|iPhoneSimulator
		Debug|Any CPU = Debug|Any CPU
		Debug|iPhone = Debug|iPhone
		Debug|iPhoneSimulator = Debug|iPhoneSimulator
		Release|Any CPU = Release|Any CPU
		Release|iPhone = Release|iPhone
		Release|iPhoneSimulator = Release|iPhoneSimulator
	EndGlobalSection
	GlobalSection(ProjectConfigurationPlatforms) = postSolution
		{F94860FF-A955-46F6-9491-6875AAC775E3}.Ad-Hoc|Any CPU.ActiveCfg = Release|Any CPU
		{F94860FF-A955-46F6-9491-6875AAC775E3}.Ad-Hoc|Any CPU.Build.0 = Release|Any CPU
		{F94860FF-A955-46F6-9491-6875AAC775E3}.Ad-Hoc|Any CPU.Deploy.0 = Release|Any CPU
		{F94860FF-A955-46F6-9491-6875AAC775E3}.Ad-Hoc|iPhone.ActiveCfg = Release|Any CPU
		{F94860FF-A955-46F6-9491-6875AAC775E3}.Ad-Hoc|iPhone.Build.0 = Release|Any CPU
		{F94860FF-A955-46F6-9491-6875AAC775E3}.Ad-Hoc|iPhone.Deploy.0 = Release|Any CPU
		{F94860FF-A955-46F6-9491-6875AAC775E3}.Ad-Hoc|iPhoneSimulator.ActiveCfg = Release|Any CPU
		{F94860FF-A955-46F6-9491-6875AAC775E3}.Ad-Hoc|iPhoneSimulator.Build.0 = Release|Any CPU
		{F94860FF-A955-46F6-9491-6875AAC775E3}.Ad-Hoc|iPhoneSimulator.Deploy.0 = Release|Any CPU
		{F94860FF-A955-46F6-9491-6875AAC775E3}.AppStore|Any CPU.ActiveCfg = Release|Any CPU
		{F94860FF-A955-46F6-9491-6875AAC775E3}.AppStore|Any CPU.Build.0 = Release|Any CPU
		{F94860FF-A955-46F6-9491-6875AAC775E3}.AppStore|Any CPU.Deploy.0 = Release|Any CPU
		{F94860FF-A955-46F6-9491-6875AAC775E3}.AppStore|iPhone.ActiveCfg = Release|Any CPU
		{F94860FF-A955-46F6-9491-6875AAC775E3}.AppStore|iPhone.Build.0 = Release|Any CPU
		{F94860FF-A955-46F6-9491-6875AAC775E3}.AppStore|iPhone.Deploy.0 = Release|Any CPU
		{F94860FF-A955-46F6-9491-6875AAC775E3}.AppStore|iPhoneSimulator.ActiveCfg = Release|Any CPU
		{F94860FF-A955-46F6-9491-6875AAC775E3}.AppStore|iPhoneSimulator.Build.0 = Release|Any CPU
		{F94860FF-A955-46F6-9491-6875AAC775E3}.AppStore|iPhoneSimulator.Deploy.0 = Release|Any CPU
		{F94860FF-A955-46F6-9491-6875AAC775E3}.Debug|Any CPU.ActiveCfg = Debug|Any CPU
		{F94860FF-A955-46F6-9491-6875AAC775E3}.Debug|Any CPU.Build.0 = Debug|Any CPU
		{F94860FF-A955-46F6-9491-6875AAC775E3}.Debug|Any CPU.Deploy.0 = Debug|Any CPU
		{F94860FF-A955-46F6-9491-6875AAC775E3}.Debug|iPhone.ActiveCfg = Debug|Any CPU
		{F94860FF-A955-46F6-9491-6875AAC775E3}.Debug|iPhone.Build.0 = Debug|Any CPU
		{F94860FF-A955-46F6-9491-6875AAC775E3}.Debug|iPhone.Deploy.0 = Debug|Any CPU
		{F94860FF-A955-46F6-9491-6875AAC775E3}.Debug|iPhoneSimulator.ActiveCfg = Debug|Any CPU
		{F94860FF-A955-46F6-9491-6875AAC775E3}.Debug|iPhoneSimulator.Build.0 = Debug|Any CPU
		{F94860FF-A955-46F6-9491-6875AAC775E3}.Debug|iPhoneSimulator.Deploy.0 = Debug|Any CPU
		{F94860FF-A955-46F6-9491-6875AAC775E3}.Release|Any CPU.ActiveCfg = Release|Any CPU
		{F94860FF-A955-46F6-9491-6875AAC775E3}.Release|Any CPU.Build.0 = Release|Any CPU
		{F94860FF-A955-46F6-9491-6875AAC775E3}.Release|Any CPU.Deploy.0 = Release|Any CPU
		{F94860FF-A955-46F6-9491-6875AAC775E3}.Release|iPhone.ActiveCfg = Release|Any CPU
		{F94860FF-A955-46F6-9491-6875AAC775E3}.Release|iPhone.Build.0 = Release|Any CPU
		{F94860FF-A955-46F6-9491-6875AAC775E3}.Release|iPhone.Deploy.0 = Release|Any CPU
		{F94860FF-A955-46F6-9491-6875AAC775E3}.Release|iPhoneSimulator.ActiveCfg = Release|Any CPU
		{F94860FF-A955-46F6-9491-6875AAC775E3}.Release|iPhoneSimulator.Build.0 = Release|Any CPU
		{F94860FF-A955-46F6-9491-6875AAC775E3}.Release|iPhoneSimulator.Deploy.0 = Release|Any CPU
		{CBDBFD55-2DB6-44D2-9023-0AE4B0EAEB73}.Ad-Hoc|Any CPU.ActiveCfg = Ad-Hoc|iPhone
		{CBDBFD55-2DB6-44D2-9023-0AE4B0EAEB73}.Ad-Hoc|Any CPU.Build.0 = Ad-Hoc|iPhone
		{CBDBFD55-2DB6-44D2-9023-0AE4B0EAEB73}.Ad-Hoc|Any CPU.Deploy.0 = Ad-Hoc|iPhone
		{CBDBFD55-2DB6-44D2-9023-0AE4B0EAEB73}.Ad-Hoc|iPhone.ActiveCfg = Ad-Hoc|iPhone
		{CBDBFD55-2DB6-44D2-9023-0AE4B0EAEB73}.Ad-Hoc|iPhone.Build.0 = Ad-Hoc|iPhone
		{CBDBFD55-2DB6-44D2-9023-0AE4B0EAEB73}.Ad-Hoc|iPhone.Deploy.0 = Ad-Hoc|iPhone
		{CBDBFD55-2DB6-44D2-9023-0AE4B0EAEB73}.Ad-Hoc|iPhoneSimulator.ActiveCfg = Ad-Hoc|iPhoneSimulator
		{CBDBFD55-2DB6-44D2-9023-0AE4B0EAEB73}.Ad-Hoc|iPhoneSimulator.Build.0 = Ad-Hoc|iPhoneSimulator
		{CBDBFD55-2DB6-44D2-9023-0AE4B0EAEB73}.Ad-Hoc|iPhoneSimulator.Deploy.0 = Ad-Hoc|iPhoneSimulator
		{CBDBFD55-2DB6-44D2-9023-0AE4B0EAEB73}.AppStore|Any CPU.ActiveCfg = AppStore|iPhone
		{CBDBFD55-2DB6-44D2-9023-0AE4B0EAEB73}.AppStore|Any CPU.Build.0 = AppStore|iPhone
		{CBDBFD55-2DB6-44D2-9023-0AE4B0EAEB73}.AppStore|Any CPU.Deploy.0 = AppStore|iPhone
		{CBDBFD55-2DB6-44D2-9023-0AE4B0EAEB73}.AppStore|iPhone.ActiveCfg = AppStore|iPhone
		{CBDBFD55-2DB6-44D2-9023-0AE4B0EAEB73}.AppStore|iPhone.Build.0 = AppStore|iPhone
		{CBDBFD55-2DB6-44D2-9023-0AE4B0EAEB73}.AppStore|iPhone.Deploy.0 = AppStore|iPhone
		{CBDBFD55-2DB6-44D2-9023-0AE4B0EAEB73}.AppStore|iPhoneSimulator.ActiveCfg = AppStore|iPhoneSimulator
		{CBDBFD55-2DB6-44D2-9023-0AE4B0EAEB73}.AppStore|iPhoneSimulator.Build.0 = AppStore|iPhoneSimulator
		{CBDBFD55-2DB6-44D2-9023-0AE4B0EAEB73}.AppStore|iPhoneSimulator.Deploy.0 = AppStore|iPhoneSimulator
		{CBDBFD55-2DB6-44D2-9023-0AE4B0EAEB73}.Debug|Any CPU.ActiveCfg = Debug|iPhoneSimulator
		{CBDBFD55-2DB6-44D2-9023-0AE4B0EAEB73}.Debug|Any CPU.Build.0 = Debug|iPhoneSimulator
		{CBDBFD55-2DB6-44D2-9023-0AE4B0EAEB73}.Debug|Any CPU.Deploy.0 = Debug|iPhoneSimulator
		{CBDBFD55-2DB6-44D2-9023-0AE4B0EAEB73}.Debug|iPhone.ActiveCfg = Debug|iPhone
		{CBDBFD55-2DB6-44D2-9023-0AE4B0EAEB73}.Debug|iPhone.Build.0 = Debug|iPhone
		{CBDBFD55-2DB6-44D2-9023-0AE4B0EAEB73}.Debug|iPhone.Deploy.0 = Debug|iPhone
		{CBDBFD55-2DB6-44D2-9023-0AE4B0EAEB73}.Debug|iPhoneSimulator.ActiveCfg = Debug|iPhoneSimulator
		{CBDBFD55-2DB6-44D2-9023-0AE4B0EAEB73}.Debug|iPhoneSimulator.Build.0 = Debug|iPhoneSimulator
		{CBDBFD55-2DB6-44D2-9023-0AE4B0EAEB73}.Debug|iPhoneSimulator.Deploy.0 = Debug|iPhoneSimulator
		{CBDBFD55-2DB6-44D2-9023-0AE4B0EAEB73}.Release|Any CPU.ActiveCfg = Release|iPhone
		{CBDBFD55-2DB6-44D2-9023-0AE4B0EAEB73}.Release|Any CPU.Build.0 = Release|iPhone
		{CBDBFD55-2DB6-44D2-9023-0AE4B0EAEB73}.Release|Any CPU.Deploy.0 = Release|iPhone
		{CBDBFD55-2DB6-44D2-9023-0AE4B0EAEB73}.Release|iPhone.ActiveCfg = Release|iPhone
		{CBDBFD55-2DB6-44D2-9023-0AE4B0EAEB73}.Release|iPhone.Build.0 = Release|iPhone
		{CBDBFD55-2DB6-44D2-9023-0AE4B0EAEB73}.Release|iPhone.Deploy.0 = Release|iPhone
		{CBDBFD55-2DB6-44D2-9023-0AE4B0EAEB73}.Release|iPhoneSimulator.ActiveCfg = Release|iPhoneSimulator
		{CBDBFD55-2DB6-44D2-9023-0AE4B0EAEB73}.Release|iPhoneSimulator.Build.0 = Release|iPhoneSimulator
		{CBDBFD55-2DB6-44D2-9023-0AE4B0EAEB73}.Release|iPhoneSimulator.Deploy.0 = Release|iPhoneSimulator
		{D114C6AE-A5A4-4AB2-92FB-81E24A7472EB}.Ad-Hoc|Any CPU.ActiveCfg = Debug|Any CPU
		{D114C6AE-A5A4-4AB2-92FB-81E24A7472EB}.Ad-Hoc|Any CPU.Build.0 = Debug|Any CPU
		{D114C6AE-A5A4-4AB2-92FB-81E24A7472EB}.Ad-Hoc|Any CPU.Deploy.0 = Debug|Any CPU
		{D114C6AE-A5A4-4AB2-92FB-81E24A7472EB}.Ad-Hoc|iPhone.ActiveCfg = Debug|Any CPU
		{D114C6AE-A5A4-4AB2-92FB-81E24A7472EB}.Ad-Hoc|iPhone.Build.0 = Debug|Any CPU
		{D114C6AE-A5A4-4AB2-92FB-81E24A7472EB}.Ad-Hoc|iPhone.Deploy.0 = Debug|Any CPU
		{D114C6AE-A5A4-4AB2-92FB-81E24A7472EB}.Ad-Hoc|iPhoneSimulator.ActiveCfg = Debug|Any CPU
		{D114C6AE-A5A4-4AB2-92FB-81E24A7472EB}.Ad-Hoc|iPhoneSimulator.Build.0 = Debug|Any CPU
		{D114C6AE-A5A4-4AB2-92FB-81E24A7472EB}.Ad-Hoc|iPhoneSimulator.Deploy.0 = Debug|Any CPU
		{D114C6AE-A5A4-4AB2-92FB-81E24A7472EB}.AppStore|Any CPU.ActiveCfg = Debug|Any CPU
		{D114C6AE-A5A4-4AB2-92FB-81E24A7472EB}.AppStore|Any CPU.Build.0 = Debug|Any CPU
		{D114C6AE-A5A4-4AB2-92FB-81E24A7472EB}.AppStore|Any CPU.Deploy.0 = Debug|Any CPU
		{D114C6AE-A5A4-4AB2-92FB-81E24A7472EB}.AppStore|iPhone.ActiveCfg = Debug|Any CPU
		{D114C6AE-A5A4-4AB2-92FB-81E24A7472EB}.AppStore|iPhone.Build.0 = Debug|Any CPU
		{D114C6AE-A5A4-4AB2-92FB-81E24A7472EB}.AppStore|iPhone.Deploy.0 = Debug|Any CPU
		{D114C6AE-A5A4-4AB2-92FB-81E24A7472EB}.AppStore|iPhoneSimulator.ActiveCfg = Debug|Any CPU
		{D114C6AE-A5A4-4AB2-92FB-81E24A7472EB}.AppStore|iPhoneSimulator.Build.0 = Debug|Any CPU
		{D114C6AE-A5A4-4AB2-92FB-81E24A7472EB}.AppStore|iPhoneSimulator.Deploy.0 = Debug|Any CPU
		{D114C6AE-A5A4-4AB2-92FB-81E24A7472EB}.Debug|Any CPU.ActiveCfg = Debug|Any CPU
		{D114C6AE-A5A4-4AB2-92FB-81E24A7472EB}.Debug|Any CPU.Build.0 = Debug|Any CPU
		{D114C6AE-A5A4-4AB2-92FB-81E24A7472EB}.Debug|Any CPU.Deploy.0 = Debug|Any CPU
		{D114C6AE-A5A4-4AB2-92FB-81E24A7472EB}.Debug|iPhone.ActiveCfg = Debug|Any CPU
		{D114C6AE-A5A4-4AB2-92FB-81E24A7472EB}.Debug|iPhone.Build.0 = Debug|Any CPU
		{D114C6AE-A5A4-4AB2-92FB-81E24A7472EB}.Debug|iPhone.Deploy.0 = Debug|Any CPU
		{D114C6AE-A5A4-4AB2-92FB-81E24A7472EB}.Debug|iPhoneSimulator.ActiveCfg = Debug|Any CPU
		{D114C6AE-A5A4-4AB2-92FB-81E24A7472EB}.Debug|iPhoneSimulator.Build.0 = Debug|Any CPU
		{D114C6AE-A5A4-4AB2-92FB-81E24A7472EB}.Debug|iPhoneSimulator.Deploy.0 = Debug|Any CPU
		{D114C6AE-A5A4-4AB2-92FB-81E24A7472EB}.Release|Any CPU.ActiveCfg = Release|Any CPU
		{D114C6AE-A5A4-4AB2-92FB-81E24A7472EB}.Release|Any CPU.Build.0 = Release|Any CPU
		{D114C6AE-A5A4-4AB2-92FB-81E24A7472EB}.Release|Any CPU.Deploy.0 = Release|Any CPU
		{D114C6AE-A5A4-4AB2-92FB-81E24A7472EB}.Release|iPhone.ActiveCfg = Release|Any CPU
		{D114C6AE-A5A4-4AB2-92FB-81E24A7472EB}.Release|iPhone.Build.0 = Release|Any CPU
		{D114C6AE-A5A4-4AB2-92FB-81E24A7472EB}.Release|iPhone.Deploy.0 = Release|Any CPU
		{D114C6AE-A5A4-4AB2-92FB-81E24A7472EB}.Release|iPhoneSimulator.ActiveCfg = Release|Any CPU
		{D114C6AE-A5A4-4AB2-92FB-81E24A7472EB}.Release|iPhoneSimulator.Build.0 = Release|Any CPU
		{D114C6AE-A5A4-4AB2-92FB-81E24A7472EB}.Release|iPhoneSimulator.Deploy.0 = Release|Any CPU
	EndGlobalSection
	GlobalSection(SolutionProperties) = preSolution
		HideSolutionNode = FALSE
	EndGlobalSection
	GlobalSection(ExtensibilityGlobals) = postSolution
		SolutionGuid = {AF021E7B-3E90-473F-9EC4-0E0E5319CA4A}
	EndGlobalSection
EndGlobal
